# THIS IS AN AUTOGENERATED FILE. DO NOT EDIT THIS FILE DIRECTLY.
# yarn lockfile v1


claudia-api-builder@^4.1.2:
  version "4.1.2"
  resolved "https://registry.yarnpkg.com/claudia-api-builder/-/claudia-api-builder-4.1.2.tgz#a44479ee44d41936c0bf68c2fe9c8d30f3f31daf"
  integrity sha512-xXS9ew32KRJSMQGHMTEsvSkd1FTs9GK3JjiBIuxk9EJz2hubryrWiTzsJQvcVcfBYE0fb7bO+ZhH2/fqqG7Acg==
